// !$*UTF8*$!
{
	archiveVersion = 1;
	classes = {
	};
	objectVersion = 46;
	objects = {

/* Begin PBXBuildFile section */
		139F48551BFC80D900025CA9 /* AppDelegate.swift in Sources */ = {isa = PBXBuildFile; fileRef = 139F48541BFC80D900025CA9 /* AppDelegate.swift */; };
		139F48571BFC80D900025CA9 /* ViewController.swift in Sources */ = {isa = PBXBuildFile; fileRef = 139F48561BFC80D900025CA9 /* ViewController.swift */; };
		139F485A1BFC80D900025CA9 /* Main.storyboard in Resources */ = {isa = PBXBuildFile; fileRef = 139F48581BFC80D900025CA9 /* Main.storyboard */; };
		139F485C1BFC80D900025CA9 /* Assets.xcassets in Resources */ = {isa = PBXBuildFile; fileRef = 139F485B1BFC80D900025CA9 /* Assets.xcassets */; };
		139F485F1BFC80D900025CA9 /* LaunchScreen.storyboard in Resources */ = {isa = PBXBuildFile; fileRef = 139F485D1BFC80D900025CA9 /* LaunchScreen.storyboard */; };
		139F48671BFDA69700025CA9 /* MyObjectToObserve.swift in Sources */ = {isa = PBXBuildFile; fileRef = 139F48661BFDA69700025CA9 /* MyObjectToObserve.swift */; };
		139F48691BFDA70A00025CA9 /* MyObserver.swift in Sources */ = {isa = PBXBuildFile; fileRef = 139F48681BFDA70A00025CA9 /* MyObserver.swift */; };
/* End PBXBuildFile section */

/* Begin PBXFileReference section */
		139F48511BFC80D900025CA9 /* SwiftKvoDemo.app */ = {isa = PBXFileReference; explicitFileType = wrapper.application; includeInIndex = 0; path = SwiftKvoDemo.app; sourceTree = BUILT_PRODUCTS_DIR; };
		139F48541BFC80D900025CA9 /* AppDelegate.swift */ = {isa = PBXFileReference; lastKnownFileType = sourcecode.swift; path = AppDelegate.swift; sourceTree = "<group>"; };
		139F48561BFC80D900025CA9 /* ViewController.swift */ = {isa = PBXFileReference; lastKnownFileType = sourcecode.swift; path = ViewController.swift; sourceTree = "<group>"; };
		139F48591BFC80D900025CA9 /* Base */ = {isa = PBXFileReference; lastKnownFileType = file.storyboard; name = Base; path = Base.lproj/Main.storyboard; sourceTree = "<group>"; };
		139F485B1BFC80D900025CA9 /* Assets.xcassets */ = {isa = PBXFileReference; lastKnownFileType = folder.assetcatalog; path = Assets.xcassets; sourceTree = "<group>"; };
		139F485E1BFC80D900025CA9 /* Base */ = {isa = PBXFileReference; lastKnownFileType = file.storyboard; name = Base; path = Base.lproj/LaunchScreen.storyboard; sourceTree = "<group>"; };
		139F48601BFC80D900025CA9 /* Info.plist */ = {isa = PBXFileReference; lastKnownFileType = text.plist.xml; path = Info.plist; sourceTree = "<group>"; };
		139F48661BFDA69700025CA9 /* MyObjectToObserve.swift */ = {isa = PBXFileReference; fileEncoding = 4; lastKnownFileType = sourcecode.swift; path = MyObjectToObserve.swift; sourceTree = "<group>"; };
		139F48681BFDA70A00025CA9 /* MyObserver.swift */ = {isa = PBXFileReference; fileEncoding = 4; lastKnownFileType = sourcecode.swift; path = MyObserver.swift; sourceTree = "<group>"; };
/* End PBXFileReference section */

/* Begin PBXFrameworksBuildPhase section */
		139F484E1BFC80D900025CA9 /* Frameworks */ = {
			isa = PBXFrameworksBuildPhase;
			buildActionMask = 2147483647;
			files = (
			);
			runOnlyForDeploymentPostprocessing = 0;
		};
/* End PBXFrameworksBuildPhase section */

/* Begin PBXGroup section */
		139F48481BFC80D900025CA9 = {
			isa = PBXGroup;
			children = (
				139F48531BFC80D900025CA9 /* SwiftKvoDemo */,
				139F48521BFC80D900025CA9 /* Products */,
			);
			sourceTree = "<group>";
		};
		139F48521BFC80D900025CA9 /* Products */ = {
			isa = PBXGroup;
			children = (
				139F48511BFC80D900025CA9 /* SwiftKvoDemo.app */,
			);
			name = Products;
			sourceTree = "<group>";
		};
		139F48531BFC80D900025CA9 /* SwiftKvoDemo */ = {
			isa = PBXGroup;
			children = (
				139F48541BFC80D900025CA9 /* AppDelegate.swift */,
				139F48561BFC80D900025CA9 /* ViewController.swift */,
				139F48581BFC80D900025CA9 /* Main.storyboard */,
				139F485B1BFC80D900025CA9 /* Assets.xcassets */,
				139F485D1BFC80D900025CA9 /* LaunchScreen.storyboard */,
				139F48601BFC80D900025CA9 /* Info.plist */,
				139F48661BFDA69700025CA9 /* MyObjectToObserve.swift */,
				139F48681BFDA70A00025CA9 /* MyObserver.swift */,
			);
			path = SwiftKvoDemo;
			sourceTree = "<group>";
		};
/* End PBXGroup section */

/* Begin PBXNativeTarget section */
		139F48501BFC80D900025CA9 /* SwiftKvoDemo */ = {
			isa = PBXNativeTarget;
			buildConfigurationList = 139F48631BFC80D900025CA9 /* Build configuration list for PBXNativeTarget "SwiftKvoDemo" */;
			buildPhases = (
				139F484D1BFC80D900025CA9 /* Sources */,
				139F484E1BFC80D900025CA9 /* Frameworks */,
				139F484F1BFC80D900025CA9 /* Resources */,
			);
			buildRules = (
			);
			dependencies = (
			);
			name = SwiftKvoDemo;
			productName = SwiftKvoDemo;
			productReference = 139F48511BFC80D900025CA9 /* SwiftKvoDemo.app */;
			productType = "com.apple.product-type.application";
		};
/* End PBXNativeTarget section */

/* Begin PBXProject section */
		139F48491BFC80D900025CA9 /* Project object */ = {
			isa = PBXProject;
			attributes = {
				LastSwiftUpdateCheck = 0710;
				LastUpgradeCheck = 0710;
				ORGANIZATIONNAME = mo;
				TargetAttributes = {
					139F48501BFC80D900025CA9 = {
						CreatedOnToolsVersion = 7.1;
					};
				};
			};
			buildConfigurationList = 139F484C1BFC80D900025CA9 /* Build configuration list for PBXProject "SwiftKvoDemo" */;
			compatibilityVersion = "Xcode 3.2";
			developmentRegion = English;
			hasScannedForEncodings = 0;
			knownRegions = (
				en,
				Base,
			);
			mainGroup = 139F48481BFC80D900025CA9;
			productRefGroup = 139F48521BFC80D900025CA9 /* Products */;
			projectDirPath = "";
			projectRoot = "";
			targets = (
				139F48501BFC80D900025CA9 /* SwiftKvoDemo */,
			);
		};
/* End PBXProject section */

/* Begin PBXResourcesBuildPhase section */
		139F484F1BFC80D900025CA9 /* Resources */ = {
			isa = PBXResourcesBuildPhase;
			buildActionMask = 2147483647;
			files = (
				139F485F1BFC80D900025CA9 /* LaunchScreen.storyboard in Resources */,
				139F485C1BFC80D900025CA9 /* Assets.xcassets in Resources */,
				139F485A1BFC80D900025CA9 /* Main.storyboard in Resources */,
			);
			runOnlyForDeploymentPostprocessing = 0;
		};
/* End PBXResourcesBuildPhase section */

/* Begin PBXSourcesBuildPhase section */
		139F484D1BFC80D900025CA9 /* Sources */ = {
			isa = PBXSourcesBuildPhase;
			buildActionMask = 2147483647;
			files = (
				139F48571BFC80D900025CA9 /* ViewController.swift in Sources */,
				139F48691BFDA70A00025CA9 /* MyObserver.swift in Sources */,
				139F48671BFDA69700025CA9 /* MyObjectToObserve.swift in Sources */,
				139F48551BFC80D900025CA9 /* AppDelegate.swift in Sources */,
			);
			runOnlyForDeploymentPostprocessing = 0;
		};
/* End PBXSourcesBuildPhase section */

/* Begin PBXVariantGroup section */
		139F48581BFC80D900025CA9 /* Main.storyboard */ = {
			isa = PBXVariantGroup;
			children = (
				139F48591BFC80D900025CA9 /* Base */,
			);
			name = Main.storyboard;
			sourceTree = "<group>";
		};
		139F485D1BFC80D900025CA9 /* LaunchScreen.storyboard */ = {
			isa = PBXVariantGroup;
			children = (
				139F485E1BFC80D900025CA9 /* Base */,
			);
			name = LaunchScreen.storyboard;
			sourceTree = "<group>";
		};
/* End PBXVariantGroup section */

/* Begin XCBuildConfiguration section */
		139F48611BFC80D900025CA9 /* Debug */ = {
			isa = XCBuildConfiguration;
			buildSettings = {
				ALWAYS_SEARCH_USER_PATHS = NO;
				CLANG_CXX_LANGUAGE_STANDARD = "gnu++0x";
				CLANG_CXX_LIBRARY = "libc++";
				CLANG_ENABLE_MODULES = YES;
				CLANG_ENABLE_OBJC_ARC = YES;
				CLANG_WARN_BOOL_CONVERSION = YES;
				CLANG_WARN_CONSTANT_CONVERSION = YES;
				CLANG_WARN_DIRECT_OBJC_ISA_USAGE = YES_ERROR;
				CLANG_WARN_EMPTY_BODY = YES;
				CLANG_WARN_ENUM_CONVERSION = YES;
				CLANG_WARN_INT_CONVERSION = YES;
				CLANG_WARN_OBJC_ROOT_CLASS = YES_ERROR;
				CLANG_WARN_UNREACHABLE_CODE = YES;
				CLANG_WARN__DUPLICATE_METHOD_MATCH = YES;
				"CODE_SIGN_IDENTITY[sdk=iphoneos*]" = "iPhone Developer";
				COPY_PHASE_STRIP = NO;
				DEBUG_INFORMATION_FORMAT = dwarf;
				ENABLE_STRICT_OBJC_MSGSEND = YES;
				ENABLE_TESTABILITY = YES;
				GCC_C_LANGUAGE_STANDARD = gnu99;
				GCC_DYNAMIC_NO_PIC = NO;
				GCC_NO_COMMON_BLOCKS = YES;
				GCC_OPTIMIZATION_LEVEL = 0;
				GCC_PREPROCESSOR_DEFINITIONS = (
					"DEBUG=1",
					"$(inherited)",
				);
				GCC_WARN_64_TO_32_BIT_CONVERSION = YES;
				GCC_WARN_ABOUT_RETURN_TYPE = YES_ERROR;
				GCC_WARN_UNDECLARED_SELECTOR = YES;
				GCC_WARN_UNINITIALIZED_AUTOS = YES_AGGRESSIVE;
				GCC_WARN_UNUSED_FUNCTION = YES;
				GCC_WARN_UNUSED_VARIABLE = YES;
				IPHONEOS_DEPLOYMENT_TARGET = 9.1;
				MTL_ENABLE_DEBUG_INFO = YES;
				ONLY_ACTIVE_ARCH = YES;
				SDKROOT = iphoneos;
				SWIFT_OPTIMIZATION_LEVEL = "-Onone";
			};
			name = Debug;
		};
		139F48621BFC80D900025CA9 /* Release */ = {
			isa = XCBuildConfiguration;
			buildSettings = {
				ALWAYS_SEARCH_USER_PATHS = NO;
				CLANG_CXX_LANGUAGE_STANDARD = "gnu++0x";
				CLANG_CXX_LIBRARY = "libc++";
				CLANG_ENABLE_MODULES = YES;
				CLANG_ENABLE_OBJC_ARC = YES;
				CLANG_WARN_BOOL_CONVERSION = YES;
				CLANG_WARN_CONSTANT_CONVERSION = YES;
				CLANG_WARN_DIRECT_OBJC_ISA_USAGE = YES_ERROR;
				CLANG_WARN_EMPTY_BODY = YES;
				CLANG_WARN_ENUM_CONVERSION = YES;
				CLANG_WARN_INT_CONVERSION = YES;
				CLANG_WARN_OBJC_ROOT_CLASS = YES_ERROR;
				CLANG_WARN_UNREACHABLE_CODE = YES;
				CLANG_WARN__DUPLICATE_METHOD_MATCH = YES;
				"CODE_SIGN_IDENTITY[sdk=iphoneos*]" = "iPhone Developer";
				COPY_PHASE_STRIP = NO;
				DEBUG_INFORMATION_FORMAT = "dwarf-with-dsym";
				ENABLE_NS_ASSERTIONS = NO;
				ENABLE_STRICT_OBJC_MSGSEND = YES;
				GCC_C_LANGUAGE_STANDARD = gnu99;
				GCC_NO_COMMON_BLOCKS = YES;
				GCC_WARN_64_TO_32_BIT_CONVERSION = YES;
				GCC_WARN_ABOUT_RETURN_TYPE = YES_ERROR;
				GCC_WARN_UNDECLARED_SELECTOR = YES;
				GCC_WARN_UNINITIALIZED_AUTOS = YES_AGGRESSIVE;
				GCC_WARN_UNUSED_FUNCTION = YES;
				GCC_WARN_UNUSED_VARIABLE = YES;
				IPHONEOS_DEPLOYMENT_TARGET = 9.1;
				MTL_ENABLE_DEBUG_INFO = NO;
				SDKROOT = iphoneos;
				VALIDATE_PRODUCT = YES;
			};
			name = Release;
		};
		139F48641BFC80D900025CA9 /* Debug */ = {
			isa = XCBuildConfiguration;
			buildSettings = {
				ASSETCATALOG_COMPILER_APPICON_NAME = AppIcon;
				INFOPLIST_FILE = SwiftKvoDemo/Info.plist;
				IPHONEOS_DEPLOYMENT_TARGET = 9.0;
				LD_RUNPATH_SEARCH_PATHS = "$(inherited) @executable_path/Frameworks";
				PRODUCT_BUNDLE_IDENTIFIER = com.mo.SwiftKvoDemo;
				PRODUCT_NAME = "$(TARGET_NAME)";
			};
			name = Debug;
		};
		139F48651BFC80D900025CA9 /* Release */ = {
			isa = XCBuildConfiguration;
			buildSettings = {
				ASSETCATALOG_COMPILER_APPICON_NAME = AppIcon;
				INFOPLIST_FILE = SwiftKvoDemo/Info.plist;
				IPHONEOS_DEPLOYMENT_TARGET = 9.0;
				LD_RUNPATH_SEARCH_PATHS = "$(inherited) @executable_path/Frameworks";
				PRODUCT_BUNDLE_IDENTIFIER = com.mo.SwiftKvoDemo;
				PRODUCT_NAME = "$(TARGET_NAME)";
			};
			name = Release;
		};
/* End XCBuildConfiguration section */

/* Begin XCConfigurationList section */
		139F484C1BFC80D900025CA9 /* Build configuration list for PBXProject "SwiftKvoDemo" */ = {
			isa = XCConfigurationList;
			buildConfigurations = (
				139F48611BFC80D900025CA9 /* Debug */,
				139F48621BFC80D900025CA9 /* Release */,
			);
			defaultConfigurationIsVisible = 0;
			defaultConfigurationName = Release;
		};
		139F48631BFC80D900025CA9 /* Build configuration list for PBXNativeTarget "SwiftKvoDemo" */ = {
			isa = XCConfigurationList;
			buildConfigurations = (
				139F48641BFC80D900025CA9 /* Debug */,
				139F48651BFC80D900025CA9 /* Release */,
			);
			defaultConfigurationIsVisible = 0;
		};
/* End XCConfigurationList section */
	};
	rootObject = 139F48491BFC80D900025CA9 /* Project object */;
}
